
Microsoft Visual Studio Solution File, Format Version 12.00
# Visual Studio Version 17
VisualStudioVersion = 17.2.32519.379
MinimumVisualStudioVersion = 10.0.40219.1
Project("{FAE04EC0-301F-11D3-BF4B-00C04F79EFBC}") = "CodeFirstTesting2", "CodeFirstTesting2\CodeFirstTesting2.csproj", "{1E505162-9857-4492-B567-B224F52F2DAB}"
EndProject
Global
	GlobalSection(SolutionConfigurationPlatforms) = preSolution
		Debug|Any CPU = Debug|Any CPU
		Release|Any CPU = Release|Any CPU
	EndGlobalSection
	GlobalSection(ProjectConfigurationPlatforms) = postSolution
		{1E505162-9857-4492-B567-B224F52F2DAB}.Debug|Any CPU.ActiveCfg = Debug|Any CPU
		{1E505162-9857-4492-B567-B224F52F2DAB}.Debug|Any CPU.Build.0 = Debug|Any CPU
		{1E505162-9857-4492-B567-B224F52F2DAB}.Release|Any CPU.ActiveCfg = Release|Any CPU
		{1E505162-9857-4492-B567-B224F52F2DAB}.Release|Any CPU.Build.0 = Release|Any CPU
	EndGlobalSection
	GlobalSection(SolutionProperties) = preSolution
		HideSolutionNode = FALSE
	EndGlobalSection
	GlobalSection(ExtensibilityGlobals) = postSolution
		SolutionGuid = {0F765F9D-3410-4DCA-9D21-6661F7098D15}
	EndGlobalSection
EndGlobal
