
Microsoft Visual Studio Solution File, Format Version 12.00
# Visual Studio Version 17
VisualStudioVersion = 17.2.32519.379
MinimumVisualStudioVersion = 10.0.40219.1
Project("{FAE04EC0-301F-11D3-BF4B-00C04F79EFBC}") = "CodeFirstTesting2", "CodeFirstTesting2\CodeFirstTesting2.csproj", "{77F247C8-E241-4781-A6FB-BD52D0E08B48}"
EndProject
Global
	GlobalSection(SolutionConfigurationPlatforms) = preSolution
		Debug|Any CPU = Debug|Any CPU
		Release|Any CPU = Release|Any CPU
	EndGlobalSection
	GlobalSection(ProjectConfigurationPlatforms) = postSolution
		{77F247C8-E241-4781-A6FB-BD52D0E08B48}.Debug|Any CPU.ActiveCfg = Debug|Any CPU
		{77F247C8-E241-4781-A6FB-BD52D0E08B48}.Debug|Any CPU.Build.0 = Debug|Any CPU
		{77F247C8-E241-4781-A6FB-BD52D0E08B48}.Release|Any CPU.ActiveCfg = Release|Any CPU
		{77F247C8-E241-4781-A6FB-BD52D0E08B48}.Release|Any CPU.Build.0 = Release|Any CPU
	EndGlobalSection
	GlobalSection(SolutionProperties) = preSolution
		HideSolutionNode = FALSE
	EndGlobalSection
	GlobalSection(ExtensibilityGlobals) = postSolution
		SolutionGuid = {3186D8CB-E22D-4549-BBDD-094CE4AA0DAB}
	EndGlobalSection
EndGlobal
