
Microsoft Visual Studio Solution File, Format Version 12.00
# Visual Studio Version 17
VisualStudioVersion = 17.2.32505.173
MinimumVisualStudioVersion = 10.0.40219.1
Project("{FAE04EC0-301F-11D3-BF4B-00C04F79EFBC}") = "CodeFirstExistingDatabase", "CodeFirstExistingDatabase\CodeFirstExistingDatabase.csproj", "{4A4C88FC-FC8B-4C13-BA4B-88027F1C36FD}"
EndProject
Global
	GlobalSection(SolutionConfigurationPlatforms) = preSolution
		Debug|Any CPU = Debug|Any CPU
		Release|Any CPU = Release|Any CPU
	EndGlobalSection
	GlobalSection(ProjectConfigurationPlatforms) = postSolution
		{4A4C88FC-FC8B-4C13-BA4B-88027F1C36FD}.Debug|Any CPU.ActiveCfg = Debug|Any CPU
		{4A4C88FC-FC8B-4C13-BA4B-88027F1C36FD}.Debug|Any CPU.Build.0 = Debug|Any CPU
		{4A4C88FC-FC8B-4C13-BA4B-88027F1C36FD}.Release|Any CPU.ActiveCfg = Release|Any CPU
		{4A4C88FC-FC8B-4C13-BA4B-88027F1C36FD}.Release|Any CPU.Build.0 = Release|Any CPU
	EndGlobalSection
	GlobalSection(SolutionProperties) = preSolution
		HideSolutionNode = FALSE
	EndGlobalSection
	GlobalSection(ExtensibilityGlobals) = postSolution
		SolutionGuid = {C18C6F1E-B967-4848-AA62-174DFCD2B1B6}
	EndGlobalSection
EndGlobal
